
Microsoft Visual Studio Solution File, Format Version 12.00
# Visual Studio 2012
Project("{FAE04EC0-301F-11D3-BF4B-00C04F79EFBC}") = "Utilities.Android", "Utilities.Android\Utilities.Android.csproj", "{A57886F4-018B-456F-97A4-0EC6BE64AAF9}"
EndProject
Global
	GlobalSection(SolutionConfigurationPlatforms) = preSolution
		Debug|Any CPU = Debug|Any CPU
		Release|Any CPU = Release|Any CPU
	EndGlobalSection
	GlobalSection(ProjectConfigurationPlatforms) = postSolution
		{A57886F4-018B-456F-97A4-0EC6BE64AAF9}.Debug|Any CPU.ActiveCfg = Debug|Any CPU
		{A57886F4-018B-456F-97A4-0EC6BE64AAF9}.Debug|Any CPU.Build.0 = Debug|Any CPU
		{A57886F4-018B-456F-97A4-0EC6BE64AAF9}.Release|Any CPU.ActiveCfg = Release|Any CPU
		{A57886F4-018B-456F-97A4-0EC6BE64AAF9}.Release|Any CPU.Build.0 = Release|Any CPU
	EndGlobalSection
	GlobalSection(MonoDevelopProperties) = preSolution
		StartupItem = Utilities.Android\Utilities.Android.csproj
	EndGlobalSection
EndGlobal
